
Microsoft Visual Studio Solution File, Format Version 12.00
# Visual Studio 15
VisualStudioVersion = 15.0.27130.2003
MinimumVisualStudioVersion = 10.0.40219.1
Project("{FAE04EC0-301F-11D3-BF4B-00C04F79EFBC}") = "BookingsProcessingSolution", "BookingsProcessingSolution\BookingsProcessingSolution.csproj", "{7F202DA8-2669-40CD-8842-3058DAE6AF7C}"
EndProject
Project("{2150E333-8FDC-42A3-9474-1A3956D46DE8}") = "Libraries", "Libraries", "{E898355B-40D7-45D5-96C0-24D0450A672C}"
EndProject
Project("{9A19103F-16F7-4668-BE54-9A1E7A4F7556}") = "BookingService", "BookingService\BookingService.csproj", "{01264562-C161-4059-BEE6-7E71DE99744F}"
EndProject
Global
	GlobalSection(SolutionConfigurationPlatforms) = preSolution
		Debug|Any CPU = Debug|Any CPU
		Release|Any CPU = Release|Any CPU
	EndGlobalSection
	GlobalSection(ProjectConfigurationPlatforms) = postSolution
		{7F202DA8-2669-40CD-8842-3058DAE6AF7C}.Debug|Any CPU.ActiveCfg = Debug|Any CPU
		{7F202DA8-2669-40CD-8842-3058DAE6AF7C}.Debug|Any CPU.Build.0 = Debug|Any CPU
		{7F202DA8-2669-40CD-8842-3058DAE6AF7C}.Release|Any CPU.ActiveCfg = Release|Any CPU
		{7F202DA8-2669-40CD-8842-3058DAE6AF7C}.Release|Any CPU.Build.0 = Release|Any CPU
		{01264562-C161-4059-BEE6-7E71DE99744F}.Debug|Any CPU.ActiveCfg = Debug|Any CPU
		{01264562-C161-4059-BEE6-7E71DE99744F}.Debug|Any CPU.Build.0 = Debug|Any CPU
		{01264562-C161-4059-BEE6-7E71DE99744F}.Release|Any CPU.ActiveCfg = Release|Any CPU
		{01264562-C161-4059-BEE6-7E71DE99744F}.Release|Any CPU.Build.0 = Release|Any CPU
	EndGlobalSection
	GlobalSection(SolutionProperties) = preSolution
		HideSolutionNode = FALSE
	EndGlobalSection
	GlobalSection(NestedProjects) = preSolution
		{01264562-C161-4059-BEE6-7E71DE99744F} = {E898355B-40D7-45D5-96C0-24D0450A672C}
	EndGlobalSection
	GlobalSection(ExtensibilityGlobals) = postSolution
		SolutionGuid = {E9D1C621-06DD-48A1-8600-1C2BAD1895AA}
	EndGlobalSection
EndGlobal
